// !$*UTF8*$!
{
	archiveVersion = 1;
	classes = {
	};
	objectVersion = 46;
	objects = {

/* Begin PBXBuildFile section */
		14AE75751C767BE200D26823 /* main.m in Sources */ = {isa = PBXBuildFile; fileRef = 14AE75741C767BE200D26823 /* main.m */; };
		14AE75781C767BE200D26823 /* AppDelegate.m in Sources */ = {isa = PBXBuildFile; fileRef = 14AE75771C767BE200D26823 /* AppDelegate.m */; };
		14AE757B1C767BE200D26823 /* ViewController.m in Sources */ = {isa = PBXBuildFile; fileRef = 14AE757A1C767BE200D26823 /* ViewController.m */; };
		14AE757E1C767BE200D26823 /* Main.storyboard in Resources */ = {isa = PBXBuildFile; fileRef = 14AE757C1C767BE200D26823 /* Main.storyboard */; };
		14AE75801C767BE200D26823 /* Assets.xcassets in Resources */ = {isa = PBXBuildFile; fileRef = 14AE757F1C767BE200D26823 /* Assets.xcassets */; };
		14AE75831C767BE200D26823 /* LaunchScreen.storyboard in Resources */ = {isa = PBXBuildFile; fileRef = 14AE75811C767BE200D26823 /* LaunchScreen.storyboard */; };
/* End PBXBuildFile section */

/* Begin PBXFileReference section */
		14AE75701C767BE200D26823 /* 图文混排.app */ = {isa = PBXFileReference; explicitFileType = wrapper.application; includeInIndex = 0; path = "图文混排.app"; sourceTree = BUILT_PRODUCTS_DIR; };
		14AE75741C767BE200D26823 /* main.m */ = {isa = PBXFileReference; lastKnownFileType = sourcecode.c.objc; path = main.m; sourceTree = "<group>"; };
		14AE75761C767BE200D26823 /* AppDelegate.h */ = {isa = PBXFileReference; lastKnownFileType = sourcecode.c.h; path = AppDelegate.h; sourceTree = "<group>"; };
		14AE75771C767BE200D26823 /* AppDelegate.m */ = {isa = PBXFileReference; lastKnownFileType = sourcecode.c.objc; path = AppDelegate.m; sourceTree = "<group>"; };
		14AE75791C767BE200D26823 /* ViewController.h */ = {isa = PBXFileReference; lastKnownFileType = sourcecode.c.h; path = ViewController.h; sourceTree = "<group>"; };
		14AE757A1C767BE200D26823 /* ViewController.m */ = {isa = PBXFileReference; lastKnownFileType = sourcecode.c.objc; path = ViewController.m; sourceTree = "<group>"; };
		14AE757D1C767BE200D26823 /* Base */ = {isa = PBXFileReference; lastKnownFileType = file.storyboard; name = Base; path = Base.lproj/Main.storyboard; sourceTree = "<group>"; };
		14AE757F1C767BE200D26823 /* Assets.xcassets */ = {isa = PBXFileReference; lastKnownFileType = folder.assetcatalog; path = Assets.xcassets; sourceTree = "<group>"; };
		14AE75821C767BE200D26823 /* Base */ = {isa = PBXFileReference; lastKnownFileType = file.storyboard; name = Base; path = Base.lproj/LaunchScreen.storyboard; sourceTree = "<group>"; };
		14AE75841C767BE200D26823 /* Info.plist */ = {isa = PBXFileReference; lastKnownFileType = text.plist.xml; path = Info.plist; sourceTree = "<group>"; };
/* End PBXFileReference section */

/* Begin PBXFrameworksBuildPhase section */
		14AE756D1C767BE200D26823 /* Frameworks */ = {
			isa = PBXFrameworksBuildPhase;
			buildActionMask = 2147483647;
			files = (
			);
			runOnlyForDeploymentPostprocessing = 0;
		};
/* End PBXFrameworksBuildPhase section */

/* Begin PBXGroup section */
		14AE75671C767BE200D26823 = {
			isa = PBXGroup;
			children = (
				14AE75721C767BE200D26823 /* 图文混排 */,
				14AE75711C767BE200D26823 /* Products */,
			);
			sourceTree = "<group>";
		};
		14AE75711C767BE200D26823 /* Products */ = {
			isa = PBXGroup;
			children = (
				14AE75701C767BE200D26823 /* 图文混排.app */,
			);
			name = Products;
			sourceTree = "<group>";
		};
		14AE75721C767BE200D26823 /* 图文混排 */ = {
			isa = PBXGroup;
			children = (
				14AE75761C767BE200D26823 /* AppDelegate.h */,
				14AE75771C767BE200D26823 /* AppDelegate.m */,
				14AE75791C767BE200D26823 /* ViewController.h */,
				14AE757A1C767BE200D26823 /* ViewController.m */,
				14AE757C1C767BE200D26823 /* Main.storyboard */,
				14AE757F1C767BE200D26823 /* Assets.xcassets */,
				14AE75811C767BE200D26823 /* LaunchScreen.storyboard */,
				14AE75841C767BE200D26823 /* Info.plist */,
				14AE75731C767BE200D26823 /* Supporting Files */,
			);
			path = "图文混排";
			sourceTree = "<group>";
		};
		14AE75731C767BE200D26823 /* Supporting Files */ = {
			isa = PBXGroup;
			children = (
				14AE75741C767BE200D26823 /* main.m */,
			);
			name = "Supporting Files";
			sourceTree = "<group>";
		};
/* End PBXGroup section */

/* Begin PBXNativeTarget section */
		14AE756F1C767BE200D26823 /* 图文混排 */ = {
			isa = PBXNativeTarget;
			buildConfigurationList = 14AE75871C767BE200D26823 /* Build configuration list for PBXNativeTarget "图文混排" */;
			buildPhases = (
				14AE756C1C767BE200D26823 /* Sources */,
				14AE756D1C767BE200D26823 /* Frameworks */,
				14AE756E1C767BE200D26823 /* Resources */,
			);
			buildRules = (
			);
			dependencies = (
			);
			name = "图文混排";
			productName = "图文混排";
			productReference = 14AE75701C767BE200D26823 /* 图文混排.app */;
			productType = "com.apple.product-type.application";
		};
/* End PBXNativeTarget section */

/* Begin PBXProject section */
		14AE75681C767BE200D26823 /* Project object */ = {
			isa = PBXProject;
			attributes = {
				LastUpgradeCheck = 0720;
				ORGANIZATIONNAME = Seven;
				TargetAttributes = {
					14AE756F1C767BE200D26823 = {
						CreatedOnToolsVersion = 7.2;
						DevelopmentTeam = 6C66BZZGE4;
					};
				};
			};
			buildConfigurationList = 14AE756B1C767BE200D26823 /* Build configuration list for PBXProject "图文混排" */;
			compatibilityVersion = "Xcode 3.2";
			developmentRegion = English;
			hasScannedForEncodings = 0;
			knownRegions = (
				en,
				Base,
			);
			mainGroup = 14AE75671C767BE200D26823;
			productRefGroup = 14AE75711C767BE200D26823 /* Products */;
			projectDirPath = "";
			projectRoot = "";
			targets = (
				14AE756F1C767BE200D26823 /* 图文混排 */,
			);
		};
/* End PBXProject section */

/* Begin PBXResourcesBuildPhase section */
		14AE756E1C767BE200D26823 /* Resources */ = {
			isa = PBXResourcesBuildPhase;
			buildActionMask = 2147483647;
			files = (
				14AE75831C767BE200D26823 /* LaunchScreen.storyboard in Resources */,
				14AE75801C767BE200D26823 /* Assets.xcassets in Resources */,
				14AE757E1C767BE200D26823 /* Main.storyboard in Resources */,
			);
			runOnlyForDeploymentPostprocessing = 0;
		};
/* End PBXResourcesBuildPhase section */

/* Begin PBXSourcesBuildPhase section */
		14AE756C1C767BE200D26823 /* Sources */ = {
			isa = PBXSourcesBuildPhase;
			buildActionMask = 2147483647;
			files = (
				14AE757B1C767BE200D26823 /* ViewController.m in Sources */,
				14AE75781C767BE200D26823 /* AppDelegate.m in Sources */,
				14AE75751C767BE200D26823 /* main.m in Sources */,
			);
			runOnlyForDeploymentPostprocessing = 0;
		};
/* End PBXSourcesBuildPhase section */

/* Begin PBXVariantGroup section */
		14AE757C1C767BE200D26823 /* Main.storyboard */ = {
			isa = PBXVariantGroup;
			children = (
				14AE757D1C767BE200D26823 /* Base */,
			);
			name = Main.storyboard;
			sourceTree = "<group>";
		};
		14AE75811C767BE200D26823 /* LaunchScreen.storyboard */ = {
			isa = PBXVariantGroup;
			children = (
				14AE75821C767BE200D26823 /* Base */,
			);
			name = LaunchScreen.storyboard;
			sourceTree = "<group>";
		};
/* End PBXVariantGroup section */

/* Begin XCBuildConfiguration section */
		14AE75851C767BE200D26823 /* Debug */ = {
			isa = XCBuildConfiguration;
			buildSettings = {
				ALWAYS_SEARCH_USER_PATHS = NO;
				CLANG_CXX_LANGUAGE_STANDARD = "gnu++0x";
				CLANG_CXX_LIBRARY = "libc++";
				CLANG_ENABLE_MODULES = YES;
				CLANG_ENABLE_OBJC_ARC = YES;
				CLANG_WARN_BOOL_CONVERSION = YES;
				CLANG_WARN_CONSTANT_CONVERSION = YES;
				CLANG_WARN_DIRECT_OBJC_ISA_USAGE = YES_ERROR;
				CLANG_WARN_EMPTY_BODY = YES;
				CLANG_WARN_ENUM_CONVERSION = YES;
				CLANG_WARN_INT_CONVERSION = YES;
				CLANG_WARN_OBJC_ROOT_CLASS = YES_ERROR;
				CLANG_WARN_UNREACHABLE_CODE = YES;
				CLANG_WARN__DUPLICATE_METHOD_MATCH = YES;
				"CODE_SIGN_IDENTITY[sdk=iphoneos*]" = "iPhone Developer";
				COPY_PHASE_STRIP = NO;
				DEBUG_INFORMATION_FORMAT = dwarf;
				ENABLE_STRICT_OBJC_MSGSEND = YES;
				ENABLE_TESTABILITY = YES;
				GCC_C_LANGUAGE_STANDARD = gnu99;
				GCC_DYNAMIC_NO_PIC = NO;
				GCC_NO_COMMON_BLOCKS = YES;
				GCC_OPTIMIZATION_LEVEL = 0;
				GCC_PREPROCESSOR_DEFINITIONS = (
					"DEBUG=1",
					"$(inherited)",
				);
				GCC_WARN_64_TO_32_BIT_CONVERSION = YES;
				GCC_WARN_ABOUT_RETURN_TYPE = YES_ERROR;
				GCC_WARN_UNDECLARED_SELECTOR = YES;
				GCC_WARN_UNINITIALIZED_AUTOS = YES_AGGRESSIVE;
				GCC_WARN_UNUSED_FUNCTION = YES;
				GCC_WARN_UNUSED_VARIABLE = YES;
				IPHONEOS_DEPLOYMENT_TARGET = 9.2;
				MTL_ENABLE_DEBUG_INFO = YES;
				ONLY_ACTIVE_ARCH = YES;
				SDKROOT = iphoneos;
			};
			name = Debug;
		};
		14AE75861C767BE200D26823 /* Release */ = {
			isa = XCBuildConfiguration;
			buildSettings = {
				ALWAYS_SEARCH_USER_PATHS = NO;
				CLANG_CXX_LANGUAGE_STANDARD = "gnu++0x";
				CLANG_CXX_LIBRARY = "libc++";
				CLANG_ENABLE_MODULES = YES;
				CLANG_ENABLE_OBJC_ARC = YES;
				CLANG_WARN_BOOL_CONVERSION = YES;
				CLANG_WARN_CONSTANT_CONVERSION = YES;
				CLANG_WARN_DIRECT_OBJC_ISA_USAGE = YES_ERROR;
				CLANG_WARN_EMPTY_BODY = YES;
				CLANG_WARN_ENUM_CONVERSION = YES;
				CLANG_WARN_INT_CONVERSION = YES;
				CLANG_WARN_OBJC_ROOT_CLASS = YES_ERROR;
				CLANG_WARN_UNREACHABLE_CODE = YES;
				CLANG_WARN__DUPLICATE_METHOD_MATCH = YES;
				"CODE_SIGN_IDENTITY[sdk=iphoneos*]" = "iPhone Developer";
				COPY_PHASE_STRIP = NO;
				DEBUG_INFORMATION_FORMAT = "dwarf-with-dsym";
				ENABLE_NS_ASSERTIONS = NO;
				ENABLE_STRICT_OBJC_MSGSEND = YES;
				GCC_C_LANGUAGE_STANDARD = gnu99;
				GCC_NO_COMMON_BLOCKS = YES;
				GCC_WARN_64_TO_32_BIT_CONVERSION = YES;
				GCC_WARN_ABOUT_RETURN_TYPE = YES_ERROR;
				GCC_WARN_UNDECLARED_SELECTOR = YES;
				GCC_WARN_UNINITIALIZED_AUTOS = YES_AGGRESSIVE;
				GCC_WARN_UNUSED_FUNCTION = YES;
				GCC_WARN_UNUSED_VARIABLE = YES;
				IPHONEOS_DEPLOYMENT_TARGET = 9.2;
				MTL_ENABLE_DEBUG_INFO = NO;
				SDKROOT = iphoneos;
				VALIDATE_PRODUCT = YES;
			};
			name = Release;
		};
		14AE75881C767BE200D26823 /* Debug */ = {
			isa = XCBuildConfiguration;
			buildSettings = {
				ASSETCATALOG_COMPILER_APPICON_NAME = AppIcon;
				INFOPLIST_FILE = "图文混排/Info.plist";
				LD_RUNPATH_SEARCH_PATHS = "$(inherited) @executable_path/Frameworks";
				PRODUCT_BUNDLE_IDENTIFIER = "cn.seven.com.----";
				PRODUCT_NAME = "$(TARGET_NAME)";
			};
			name = Debug;
		};
		14AE75891C767BE200D26823 /* Release */ = {
			isa = XCBuildConfiguration;
			buildSettings = {
				ASSETCATALOG_COMPILER_APPICON_NAME = AppIcon;
				INFOPLIST_FILE = "图文混排/Info.plist";
				LD_RUNPATH_SEARCH_PATHS = "$(inherited) @executable_path/Frameworks";
				PRODUCT_BUNDLE_IDENTIFIER = "cn.seven.com.----";
				PRODUCT_NAME = "$(TARGET_NAME)";
			};
			name = Release;
		};
/* End XCBuildConfiguration section */

/* Begin XCConfigurationList section */
		14AE756B1C767BE200D26823 /* Build configuration list for PBXProject "图文混排" */ = {
			isa = XCConfigurationList;
			buildConfigurations = (
				14AE75851C767BE200D26823 /* Debug */,
				14AE75861C767BE200D26823 /* Release */,
			);
			defaultConfigurationIsVisible = 0;
			defaultConfigurationName = Release;
		};
		14AE75871C767BE200D26823 /* Build configuration list for PBXNativeTarget "图文混排" */ = {
			isa = XCConfigurationList;
			buildConfigurations = (
				14AE75881C767BE200D26823 /* Debug */,
				14AE75891C767BE200D26823 /* Release */,
			);
			defaultConfigurationIsVisible = 0;
		};
/* End XCConfigurationList section */
	};
	rootObject = 14AE75681C767BE200D26823 /* Project object */;
}
